// !$*UTF8*$!
{
	archiveVersion = 1;
	classes = {
	};
	objectVersion = 50;
	objects = {

/* Begin PBXBuildFile section */
		100F7A24CC659F44C9E54D80 /* Pods_ToeicIpadTests.framework in Frameworks */ = {isa = PBXBuildFile; fileRef = 21E1749E83C1D993ACEEEBD4 /* Pods_ToeicIpadTests.framework */; };
		593C8A2A21B4C81300F87D9B /* AudioView.xib in Resources */ = {isa = PBXBuildFile; fileRef = 593C8A2921B4C81300F87D9B /* AudioView.xib */; };
		594905AC218FDF2F001E860C /* AppDelegate.swift in Sources */ = {isa = PBXBuildFile; fileRef = 594905AB218FDF2F001E860C /* AppDelegate.swift */; };
		594905B1218FDF2F001E860C /* Main.storyboard in Resources */ = {isa = PBXBuildFile; fileRef = 594905AF218FDF2F001E860C /* Main.storyboard */; };
		594905B3218FDF31001E860C /* Assets.xcassets in Resources */ = {isa = PBXBuildFile; fileRef = 594905B2218FDF31001E860C /* Assets.xcassets */; };
		594905B6218FDF31001E860C /* LaunchScreen.storyboard in Resources */ = {isa = PBXBuildFile; fileRef = 594905B4218FDF31001E860C /* LaunchScreen.storyboard */; };
		594905C1218FDF31001E860C /* ToeicIpadTests.swift in Sources */ = {isa = PBXBuildFile; fileRef = 594905C0218FDF31001E860C /* ToeicIpadTests.swift */; };
		594905CC218FDF31001E860C /* ToeicIpadUITests.swift in Sources */ = {isa = PBXBuildFile; fileRef = 594905CB218FDF31001E860C /* ToeicIpadUITests.swift */; };
		594905E5218FE0B5001E860C /* Util.swift in Sources */ = {isa = PBXBuildFile; fileRef = 594905E4218FE0B5001E860C /* Util.swift */; };
		594905E7218FE158001E860C /* Global.swift in Sources */ = {isa = PBXBuildFile; fileRef = 594905E6218FE158001E860C /* Global.swift */; };
		594905EB218FE1B2001E860C /* HomeViewController.swift in Sources */ = {isa = PBXBuildFile; fileRef = 594905E9218FE1B2001E860C /* HomeViewController.swift */; };
		594905EC218FE1B2001E860C /* HomeViewController.xib in Resources */ = {isa = PBXBuildFile; fileRef = 594905EA218FE1B2001E860C /* HomeViewController.xib */; };
		594905EF218FE3AB001E860C /* BaseViewController.swift in Sources */ = {isa = PBXBuildFile; fileRef = 594905EE218FE3AB001E860C /* BaseViewController.swift */; };
		595D336621BDF96600559A3E /* SettingViewController.swift in Sources */ = {isa = PBXBuildFile; fileRef = 595D336421BDF96500559A3E /* SettingViewController.swift */; };
		595D336721BDF96600559A3E /* SettingViewController.xib in Resources */ = {isa = PBXBuildFile; fileRef = 595D336521BDF96500559A3E /* SettingViewController.xib */; };
		595D336A21BDF97700559A3E /* ThongKeViewController.swift in Sources */ = {isa = PBXBuildFile; fileRef = 595D336821BDF97700559A3E /* ThongKeViewController.swift */; };
		595D336B21BDF97700559A3E /* ThongKeViewController.xib in Resources */ = {isa = PBXBuildFile; fileRef = 595D336921BDF97700559A3E /* ThongKeViewController.xib */; };
		595D336F21BDFCD400559A3E /* Part4ViewController.swift in Sources */ = {isa = PBXBuildFile; fileRef = 595D336D21BDFCD400559A3E /* Part4ViewController.swift */; };
		595D337021BDFCD400559A3E /* Part4ViewController.xib in Resources */ = {isa = PBXBuildFile; fileRef = 595D336E21BDFCD400559A3E /* Part4ViewController.xib */; };
		595D337121BDFD9400559A3E /* QuestionCell.swift in Sources */ = {isa = PBXBuildFile; fileRef = 5962518021B8BC0D00D3C96D /* QuestionCell.swift */; };
		595D337521BE053200559A3E /* TestCell.swift in Sources */ = {isa = PBXBuildFile; fileRef = 595D337321BE053200559A3E /* TestCell.swift */; };
		595D337621BE053200559A3E /* TestCell.xib in Resources */ = {isa = PBXBuildFile; fileRef = 595D337421BE053200559A3E /* TestCell.xib */; };
		596060CA21BA0586004D64B0 /* DescriptionCell.swift in Sources */ = {isa = PBXBuildFile; fileRef = 596060C821BA0586004D64B0 /* DescriptionCell.swift */; };
		596060CB21BA0586004D64B0 /* DescriptionCell.xib in Resources */ = {isa = PBXBuildFile; fileRef = 596060C921BA0586004D64B0 /* DescriptionCell.xib */; };
		596060CC21BA1182004D64B0 /* QuestionCell.swift in Sources */ = {isa = PBXBuildFile; fileRef = 5962518021B8BC0D00D3C96D /* QuestionCell.swift */; };
		596060CE21BA1DE0004D64B0 /* QuestionPart2Manager.swift in Sources */ = {isa = PBXBuildFile; fileRef = 596060CD21BA1DE0004D64B0 /* QuestionPart2Manager.swift */; };
		596060D021BA1E0C004D64B0 /* QuestionPart3Manager.swift in Sources */ = {isa = PBXBuildFile; fileRef = 596060CF21BA1E0C004D64B0 /* QuestionPart3Manager.swift */; };
		596060D221BA1E1A004D64B0 /* QuestionPart4Manager.swift in Sources */ = {isa = PBXBuildFile; fileRef = 596060D121BA1E1A004D64B0 /* QuestionPart4Manager.swift */; };
		5962517E21B8B9DA00D3C96D /* CoreGraphics.framework in Frameworks */ = {isa = PBXBuildFile; fileRef = 5962517D21B8B9DA00D3C96D /* CoreGraphics.framework */; };
		5962518221B8BC0D00D3C96D /* QuestionCell.swift in Sources */ = {isa = PBXBuildFile; fileRef = 5962518021B8BC0D00D3C96D /* QuestionCell.swift */; };
		5962518321B8BC0D00D3C96D /* QuestionCell.xib in Resources */ = {isa = PBXBuildFile; fileRef = 5962518121B8BC0D00D3C96D /* QuestionCell.xib */; };
		59725F4421B8DBBA0013A170 /* ImageCell.swift in Sources */ = {isa = PBXBuildFile; fileRef = 59725F4221B8DBBA0013A170 /* ImageCell.swift */; };
		59725F4521B8DBBA0013A170 /* ImageCell.xib in Resources */ = {isa = PBXBuildFile; fileRef = 59725F4321B8DBBA0013A170 /* ImageCell.xib */; };
		59725F4921B9004F0013A170 /* SubmitCell.swift in Sources */ = {isa = PBXBuildFile; fileRef = 59725F4721B9004F0013A170 /* SubmitCell.swift */; };
		59725F4A21B9004F0013A170 /* SubmitCell.xib in Resources */ = {isa = PBXBuildFile; fileRef = 59725F4821B9004F0013A170 /* SubmitCell.xib */; };
		59725F4F21B905900013A170 /* Part2ViewController.swift in Sources */ = {isa = PBXBuildFile; fileRef = 59725F4D21B905900013A170 /* Part2ViewController.swift */; };
		59725F5021B905900013A170 /* Part2ViewController.xib in Resources */ = {isa = PBXBuildFile; fileRef = 59725F4E21B905900013A170 /* Part2ViewController.xib */; };
		59725F5321B905AE0013A170 /* Part3ViewController.swift in Sources */ = {isa = PBXBuildFile; fileRef = 59725F5121B905AE0013A170 /* Part3ViewController.swift */; };
		59725F5421B905AE0013A170 /* Part3ViewController.xib in Resources */ = {isa = PBXBuildFile; fileRef = 59725F5221B905AE0013A170 /* Part3ViewController.xib */; };
		598085112193E157004E731C /* DownloadClient.swift in Sources */ = {isa = PBXBuildFile; fileRef = 598085102193E157004E731C /* DownloadClient.swift */; };
		5992F69E2195269200ED9298 /* ProgressDownloadViewController.swift in Sources */ = {isa = PBXBuildFile; fileRef = 5992F69C2195269200ED9298 /* ProgressDownloadViewController.swift */; };
		5992F69F2195269200ED9298 /* ProgressDownloadViewController.xib in Resources */ = {isa = PBXBuildFile; fileRef = 5992F69D2195269200ED9298 /* ProgressDownloadViewController.xib */; };
		5992F6A4219567A200ED9298 /* FileUtil.swift in Sources */ = {isa = PBXBuildFile; fileRef = 5992F6A3219567A200ED9298 /* FileUtil.swift */; };
		5995858421B7BC86008E7AF0 /* ListTestViewController.swift in Sources */ = {isa = PBXBuildFile; fileRef = 5995858221B7BC86008E7AF0 /* ListTestViewController.swift */; };
		5995858521B7BC86008E7AF0 /* ListTestViewController.xib in Resources */ = {isa = PBXBuildFile; fileRef = 5995858321B7BC86008E7AF0 /* ListTestViewController.xib */; };
		5995858921B7BCE6008E7AF0 /* Part1ViewController.swift in Sources */ = {isa = PBXBuildFile; fileRef = 5995858721B7BCE6008E7AF0 /* Part1ViewController.swift */; };
		5995858A21B7BCE6008E7AF0 /* Part1ViewController.xib in Resources */ = {isa = PBXBuildFile; fileRef = 5995858821B7BCE6008E7AF0 /* Part1ViewController.xib */; };
		59A1843221CB2D0E00E754B2 /* AVFoundation.framework in Frameworks */ = {isa = PBXBuildFile; fileRef = 59A1843121CB2D0E00E754B2 /* AVFoundation.framework */; };
		59A1843421CB2D0E00E754B2 /* AVUtil.swift in Sources */ = {isa = PBXBuildFile; fileRef = 59A1843321CB2D0E00E754B2 /* AVUtil.swift */; };
		59A1843721CB2D0E00E754B2 /* AudioView.swift in Sources */ = {isa = PBXBuildFile; fileRef = 59A1843621CB2D0E00E754B2 /* AudioView.swift */; };
		59C7A42C2192D438007251DB /* ApiClient.swift in Sources */ = {isa = PBXBuildFile; fileRef = 59C7A42B2192D438007251DB /* ApiClient.swift */; };
		59D298E521C4EA6500433F03 /* BookManager.swift in Sources */ = {isa = PBXBuildFile; fileRef = 59D298E121C4EA6500433F03 /* BookManager.swift */; };
		59D298E621C4EA6500433F03 /* QuestionPart1Manager.swift in Sources */ = {isa = PBXBuildFile; fileRef = 59D298E221C4EA6500433F03 /* QuestionPart1Manager.swift */; };
		59D298E721C4EA6500433F03 /* DatabaseManager.swift in Sources */ = {isa = PBXBuildFile; fileRef = 59D298E321C4EA6500433F03 /* DatabaseManager.swift */; };
		59D298E821C4EA6500433F03 /* TestManager.swift in Sources */ = {isa = PBXBuildFile; fileRef = 59D298E421C4EA6500433F03 /* TestManager.swift */; };
		CECC151A8483079CD57EFF39 /* Pods_ToeicIpadUITests.framework in Frameworks */ = {isa = PBXBuildFile; fileRef = C20C6B8187F6D298E0284479 /* Pods_ToeicIpadUITests.framework */; };
		DF9C8CB9BF8D9FC045C11887 /* Pods_ToeicIpad.framework in Frameworks */ = {isa = PBXBuildFile; fileRef = 55C94CBBCB5F58B4114632C5 /* Pods_ToeicIpad.framework */; };
/* End PBXBuildFile section */

/* Begin PBXContainerItemProxy section */
		594905BD218FDF31001E860C /* PBXContainerItemProxy */ = {
			isa = PBXContainerItemProxy;
			containerPortal = 594905A0218FDF2F001E860C /* Project object */;
			proxyType = 1;
			remoteGlobalIDString = 594905A7218FDF2F001E860C;
			remoteInfo = ToeicIpad;
		};
		594905C8218FDF31001E860C /* PBXContainerItemProxy */ = {
			isa = PBXContainerItemProxy;
			containerPortal = 594905A0218FDF2F001E860C /* Project object */;
			proxyType = 1;
			remoteGlobalIDString = 594905A7218FDF2F001E860C;
			remoteInfo = ToeicIpad;
		};
/* End PBXContainerItemProxy section */

/* Begin PBXFileReference section */
		1FA76661B10E96DF42A56A8D /* Pods-ToeicIpadUITests.debug.xcconfig */ = {isa = PBXFileReference; includeInIndex = 1; lastKnownFileType = text.xcconfig; name = "Pods-ToeicIpadUITests.debug.xcconfig"; path = "Pods/Target Support Files/Pods-ToeicIpadUITests/Pods-ToeicIpadUITests.debug.xcconfig"; sourceTree = "<group>"; };
		21E1749E83C1D993ACEEEBD4 /* Pods_ToeicIpadTests.framework */ = {isa = PBXFileReference; explicitFileType = wrapper.framework; includeInIndex = 0; path = Pods_ToeicIpadTests.framework; sourceTree = BUILT_PRODUCTS_DIR; };
		55C94CBBCB5F58B4114632C5 /* Pods_ToeicIpad.framework */ = {isa = PBXFileReference; explicitFileType = wrapper.framework; includeInIndex = 0; path = Pods_ToeicIpad.framework; sourceTree = BUILT_PRODUCTS_DIR; };
		593C8A2921B4C81300F87D9B /* AudioView.xib */ = {isa = PBXFileReference; lastKnownFileType = file.xib; path = AudioView.xib; sourceTree = "<group>"; };
		594905A8218FDF2F001E860C /* ToeicIpad.app */ = {isa = PBXFileReference; explicitFileType = wrapper.application; includeInIndex = 0; path = ToeicIpad.app; sourceTree = BUILT_PRODUCTS_DIR; };
		594905AB218FDF2F001E860C /* AppDelegate.swift */ = {isa = PBXFileReference; lastKnownFileType = sourcecode.swift; path = AppDelegate.swift; sourceTree = "<group>"; };
		594905B0218FDF2F001E860C /* Base */ = {isa = PBXFileReference; lastKnownFileType = file.storyboard; name = Base; path = Base.lproj/Main.storyboard; sourceTree = "<group>"; };
		594905B2218FDF31001E860C /* Assets.xcassets */ = {isa = PBXFileReference; lastKnownFileType = folder.assetcatalog; path = Assets.xcassets; sourceTree = "<group>"; };
		594905B5218FDF31001E860C /* Base */ = {isa = PBXFileReference; lastKnownFileType = file.storyboard; name = Base; path = Base.lproj/LaunchScreen.storyboard; sourceTree = "<group>"; };
		594905B7218FDF31001E860C /* Info.plist */ = {isa = PBXFileReference; lastKnownFileType = text.plist.xml; path = Info.plist; sourceTree = "<group>"; };
		594905BC218FDF31001E860C /* ToeicIpadTests.xctest */ = {isa = PBXFileReference; explicitFileType = wrapper.cfbundle; includeInIndex = 0; path = ToeicIpadTests.xctest; sourceTree = BUILT_PRODUCTS_DIR; };
		594905C0218FDF31001E860C /* ToeicIpadTests.swift */ = {isa = PBXFileReference; lastKnownFileType = sourcecode.swift; path = ToeicIpadTests.swift; sourceTree = "<group>"; };
		594905C2218FDF31001E860C /* Info.plist */ = {isa = PBXFileReference; lastKnownFileType = text.plist.xml; path = Info.plist; sourceTree = "<group>"; };
		594905C7218FDF31001E860C /* ToeicIpadUITests.xctest */ = {isa = PBXFileReference; explicitFileType = wrapper.cfbundle; includeInIndex = 0; path = ToeicIpadUITests.xctest; sourceTree = BUILT_PRODUCTS_DIR; };
		594905CB218FDF31001E860C /* ToeicIpadUITests.swift */ = {isa = PBXFileReference; lastKnownFileType = sourcecode.swift; path = ToeicIpadUITests.swift; sourceTree = "<group>"; };
		594905CD218FDF31001E860C /* Info.plist */ = {isa = PBXFileReference; lastKnownFileType = text.plist.xml; path = Info.plist; sourceTree = "<group>"; };
		594905E4218FE0B5001E860C /* Util.swift */ = {isa = PBXFileReference; lastKnownFileType = sourcecode.swift; path = Util.swift; sourceTree = "<group>"; };
		594905E6218FE158001E860C /* Global.swift */ = {isa = PBXFileReference; lastKnownFileType = sourcecode.swift; path = Global.swift; sourceTree = "<group>"; };
		594905E9218FE1B2001E860C /* HomeViewController.swift */ = {isa = PBXFileReference; lastKnownFileType = sourcecode.swift; path = HomeViewController.swift; sourceTree = "<group>"; };
		594905EA218FE1B2001E860C /* HomeViewController.xib */ = {isa = PBXFileReference; lastKnownFileType = file.xib; path = HomeViewController.xib; sourceTree = "<group>"; };
		594905EE218FE3AB001E860C /* BaseViewController.swift */ = {isa = PBXFileReference; lastKnownFileType = sourcecode.swift; path = BaseViewController.swift; sourceTree = "<group>"; };
		595D336421BDF96500559A3E /* SettingViewController.swift */ = {isa = PBXFileReference; lastKnownFileType = sourcecode.swift; path = SettingViewController.swift; sourceTree = "<group>"; };
		595D336521BDF96500559A3E /* SettingViewController.xib */ = {isa = PBXFileReference; lastKnownFileType = file.xib; path = SettingViewController.xib; sourceTree = "<group>"; };
		595D336821BDF97700559A3E /* ThongKeViewController.swift */ = {isa = PBXFileReference; lastKnownFileType = sourcecode.swift; path = ThongKeViewController.swift; sourceTree = "<group>"; };
		595D336921BDF97700559A3E /* ThongKeViewController.xib */ = {isa = PBXFileReference; lastKnownFileType = file.xib; path = ThongKeViewController.xib; sourceTree = "<group>"; };
		595D336D21BDFCD400559A3E /* Part4ViewController.swift */ = {isa = PBXFileReference; lastKnownFileType = sourcecode.swift; path = Part4ViewController.swift; sourceTree = "<group>"; };
		595D336E21BDFCD400559A3E /* Part4ViewController.xib */ = {isa = PBXFileReference; lastKnownFileType = file.xib; path = Part4ViewController.xib; sourceTree = "<group>"; };
		595D337321BE053200559A3E /* TestCell.swift */ = {isa = PBXFileReference; lastKnownFileType = sourcecode.swift; path = TestCell.swift; sourceTree = "<group>"; };
		595D337421BE053200559A3E /* TestCell.xib */ = {isa = PBXFileReference; lastKnownFileType = file.xib; path = TestCell.xib; sourceTree = "<group>"; };
		596060C821BA0586004D64B0 /* DescriptionCell.swift */ = {isa = PBXFileReference; lastKnownFileType = sourcecode.swift; path = DescriptionCell.swift; sourceTree = "<group>"; };
		596060C921BA0586004D64B0 /* DescriptionCell.xib */ = {isa = PBXFileReference; lastKnownFileType = file.xib; path = DescriptionCell.xib; sourceTree = "<group>"; };
		596060CD21BA1DE0004D64B0 /* QuestionPart2Manager.swift */ = {isa = PBXFileReference; lastKnownFileType = sourcecode.swift; path = QuestionPart2Manager.swift; sourceTree = "<group>"; };
		596060CF21BA1E0C004D64B0 /* QuestionPart3Manager.swift */ = {isa = PBXFileReference; lastKnownFileType = sourcecode.swift; path = QuestionPart3Manager.swift; sourceTree = "<group>"; };
		596060D121BA1E1A004D64B0 /* QuestionPart4Manager.swift */ = {isa = PBXFileReference; lastKnownFileType = sourcecode.swift; path = QuestionPart4Manager.swift; sourceTree = "<group>"; };
		5962517D21B8B9DA00D3C96D /* CoreGraphics.framework */ = {isa = PBXFileReference; lastKnownFileType = wrapper.framework; name = CoreGraphics.framework; path = System/Library/Frameworks/CoreGraphics.framework; sourceTree = SDKROOT; };
		5962518021B8BC0D00D3C96D /* QuestionCell.swift */ = {isa = PBXFileReference; lastKnownFileType = sourcecode.swift; path = QuestionCell.swift; sourceTree = "<group>"; };
		5962518121B8BC0D00D3C96D /* QuestionCell.xib */ = {isa = PBXFileReference; lastKnownFileType = file.xib; path = QuestionCell.xib; sourceTree = "<group>"; };
		59725F4221B8DBBA0013A170 /* ImageCell.swift */ = {isa = PBXFileReference; lastKnownFileType = sourcecode.swift; path = ImageCell.swift; sourceTree = "<group>"; };
		59725F4321B8DBBA0013A170 /* ImageCell.xib */ = {isa = PBXFileReference; lastKnownFileType = file.xib; path = ImageCell.xib; sourceTree = "<group>"; };
		59725F4721B9004F0013A170 /* SubmitCell.swift */ = {isa = PBXFileReference; lastKnownFileType = sourcecode.swift; path = SubmitCell.swift; sourceTree = "<group>"; };
		59725F4821B9004F0013A170 /* SubmitCell.xib */ = {isa = PBXFileReference; lastKnownFileType = file.xib; path = SubmitCell.xib; sourceTree = "<group>"; };
		59725F4D21B905900013A170 /* Part2ViewController.swift */ = {isa = PBXFileReference; lastKnownFileType = sourcecode.swift; path = Part2ViewController.swift; sourceTree = "<group>"; };
		59725F4E21B905900013A170 /* Part2ViewController.xib */ = {isa = PBXFileReference; lastKnownFileType = file.xib; path = Part2ViewController.xib; sourceTree = "<group>"; };
		59725F5121B905AE0013A170 /* Part3ViewController.swift */ = {isa = PBXFileReference; lastKnownFileType = sourcecode.swift; path = Part3ViewController.swift; sourceTree = "<group>"; };
		59725F5221B905AE0013A170 /* Part3ViewController.xib */ = {isa = PBXFileReference; lastKnownFileType = file.xib; path = Part3ViewController.xib; sourceTree = "<group>"; };
		598085102193E157004E731C /* DownloadClient.swift */ = {isa = PBXFileReference; lastKnownFileType = sourcecode.swift; path = DownloadClient.swift; sourceTree = "<group>"; };
		5992F69C2195269200ED9298 /* ProgressDownloadViewController.swift */ = {isa = PBXFileReference; lastKnownFileType = sourcecode.swift; path = ProgressDownloadViewController.swift; sourceTree = "<group>"; };
		5992F69D2195269200ED9298 /* ProgressDownloadViewController.xib */ = {isa = PBXFileReference; lastKnownFileType = file.xib; path = ProgressDownloadViewController.xib; sourceTree = "<group>"; };
		5992F6A3219567A200ED9298 /* FileUtil.swift */ = {isa = PBXFileReference; lastKnownFileType = sourcecode.swift; path = FileUtil.swift; sourceTree = "<group>"; };
		5995858221B7BC86008E7AF0 /* ListTestViewController.swift */ = {isa = PBXFileReference; lastKnownFileType = sourcecode.swift; path = ListTestViewController.swift; sourceTree = "<group>"; };
		5995858321B7BC86008E7AF0 /* ListTestViewController.xib */ = {isa = PBXFileReference; lastKnownFileType = file.xib; path = ListTestViewController.xib; sourceTree = "<group>"; };
		5995858721B7BCE6008E7AF0 /* Part1ViewController.swift */ = {isa = PBXFileReference; lastKnownFileType = sourcecode.swift; path = Part1ViewController.swift; sourceTree = "<group>"; };
		5995858821B7BCE6008E7AF0 /* Part1ViewController.xib */ = {isa = PBXFileReference; lastKnownFileType = file.xib; path = Part1ViewController.xib; sourceTree = "<group>"; };
		59A1843121CB2D0E00E754B2 /* AVFoundation.framework */ = {isa = PBXFileReference; lastKnownFileType = wrapper.framework; name = AVFoundation.framework; path = System/Library/Frameworks/AVFoundation.framework; sourceTree = SDKROOT; };
		59A1843321CB2D0E00E754B2 /* AVUtil.swift */ = {isa = PBXFileReference; lastKnownFileType = sourcecode.swift; path = AVUtil.swift; sourceTree = "<group>"; };
		59A1843621CB2D0E00E754B2 /* AudioView.swift */ = {isa = PBXFileReference; lastKnownFileType = sourcecode.swift; path = AudioView.swift; sourceTree = "<group>"; };
		59C7A42B2192D438007251DB /* ApiClient.swift */ = {isa = PBXFileReference; lastKnownFileType = sourcecode.swift; path = ApiClient.swift; sourceTree = "<group>"; };
		59D298E121C4EA6500433F03 /* BookManager.swift */ = {isa = PBXFileReference; fileEncoding = 4; lastKnownFileType = sourcecode.swift; path = BookManager.swift; sourceTree = "<group>"; };
		59D298E221C4EA6500433F03 /* QuestionPart1Manager.swift */ = {isa = PBXFileReference; fileEncoding = 4; lastKnownFileType = sourcecode.swift; path = QuestionPart1Manager.swift; sourceTree = "<group>"; };
		59D298E321C4EA6500433F03 /* DatabaseManager.swift */ = {isa = PBXFileReference; fileEncoding = 4; lastKnownFileType = sourcecode.swift; path = DatabaseManager.swift; sourceTree = "<group>"; };
		59D298E421C4EA6500433F03 /* TestManager.swift */ = {isa = PBXFileReference; fileEncoding = 4; lastKnownFileType = sourcecode.swift; path = TestManager.swift; sourceTree = "<group>"; };
		7063D447A3D99B587CA15D51 /* Pods-ToeicIpadTests.debug.xcconfig */ = {isa = PBXFileReference; includeInIndex = 1; lastKnownFileType = text.xcconfig; name = "Pods-ToeicIpadTests.debug.xcconfig"; path = "Pods/Target Support Files/Pods-ToeicIpadTests/Pods-ToeicIpadTests.debug.xcconfig"; sourceTree = "<group>"; };
		8D8126E760600E9704A1AA87 /* Pods-ToeicIpad.debug.xcconfig */ = {isa = PBXFileReference; includeInIndex = 1; lastKnownFileType = text.xcconfig; name = "Pods-ToeicIpad.debug.xcconfig"; path = "Pods/Target Support Files/Pods-ToeicIpad/Pods-ToeicIpad.debug.xcconfig"; sourceTree = "<group>"; };
		B8572038EF10CBF84D889FEB /* Pods-ToeicIpadTests.release.xcconfig */ = {isa = PBXFileReference; includeInIndex = 1; lastKnownFileType = text.xcconfig; name = "Pods-ToeicIpadTests.release.xcconfig"; path = "Pods/Target Support Files/Pods-ToeicIpadTests/Pods-ToeicIpadTests.release.xcconfig"; sourceTree = "<group>"; };
		BF9E21CD3907278DCA4DC120 /* Pods-ToeicIpad.release.xcconfig */ = {isa = PBXFileReference; includeInIndex = 1; lastKnownFileType = text.xcconfig; name = "Pods-ToeicIpad.release.xcconfig"; path = "Pods/Target Support Files/Pods-ToeicIpad/Pods-ToeicIpad.release.xcconfig"; sourceTree = "<group>"; };
		C20C6B8187F6D298E0284479 /* Pods_ToeicIpadUITests.framework */ = {isa = PBXFileReference; explicitFileType = wrapper.framework; includeInIndex = 0; path = Pods_ToeicIpadUITests.framework; sourceTree = BUILT_PRODUCTS_DIR; };
		FB06AFB53992B2CB57186C76 /* Pods-ToeicIpadUITests.release.xcconfig */ = {isa = PBXFileReference; includeInIndex = 1; lastKnownFileType = text.xcconfig; name = "Pods-ToeicIpadUITests.release.xcconfig"; path = "Pods/Target Support Files/Pods-ToeicIpadUITests/Pods-ToeicIpadUITests.release.xcconfig"; sourceTree = "<group>"; };
/* End PBXFileReference section */

/* Begin PBXFrameworksBuildPhase section */
		594905A5218FDF2F001E860C /* Frameworks */ = {
			isa = PBXFrameworksBuildPhase;
			buildActionMask = 2147483647;
			files = (
				5962517E21B8B9DA00D3C96D /* CoreGraphics.framework in Frameworks */,
				59A1843221CB2D0E00E754B2 /* AVFoundation.framework in Frameworks */,
				DF9C8CB9BF8D9FC045C11887 /* Pods_ToeicIpad.framework in Frameworks */,
			);
			runOnlyForDeploymentPostprocessing = 0;
		};
		594905B9218FDF31001E860C /* Frameworks */ = {
			isa = PBXFrameworksBuildPhase;
			buildActionMask = 2147483647;
			files = (
				100F7A24CC659F44C9E54D80 /* Pods_ToeicIpadTests.framework in Frameworks */,
			);
			runOnlyForDeploymentPostprocessing = 0;
		};
		594905C4218FDF31001E860C /* Frameworks */ = {
			isa = PBXFrameworksBuildPhase;
			buildActionMask = 2147483647;
			files = (
				CECC151A8483079CD57EFF39 /* Pods_ToeicIpadUITests.framework in Frameworks */,
			);
			runOnlyForDeploymentPostprocessing = 0;
		};
/* End PBXFrameworksBuildPhase section */

/* Begin PBXGroup section */
		4F5DAB0AE3CB4C37E6555720 /* Frameworks */ = {
			isa = PBXGroup;
			children = (
				5962517D21B8B9DA00D3C96D /* CoreGraphics.framework */,
				59A1843121CB2D0E00E754B2 /* AVFoundation.framework */,
				55C94CBBCB5F58B4114632C5 /* Pods_ToeicIpad.framework */,
				21E1749E83C1D993ACEEEBD4 /* Pods_ToeicIpadTests.framework */,
				C20C6B8187F6D298E0284479 /* Pods_ToeicIpadUITests.framework */,
			);
			name = Frameworks;
			sourceTree = "<group>";
		};
		5949059F218FDF2F001E860C = {
			isa = PBXGroup;
			children = (
				594905AA218FDF2F001E860C /* ToeicIpad */,
				594905BF218FDF31001E860C /* ToeicIpadTests */,
				594905CA218FDF31001E860C /* ToeicIpadUITests */,
				594905A9218FDF2F001E860C /* Products */,
				A7D376BAC667C5E170AFC42E /* Pods */,
				4F5DAB0AE3CB4C37E6555720 /* Frameworks */,
			);
			sourceTree = "<group>";
		};
		594905A9218FDF2F001E860C /* Products */ = {
			isa = PBXGroup;
			children = (
				594905A8218FDF2F001E860C /* ToeicIpad.app */,
				594905BC218FDF31001E860C /* ToeicIpadTests.xctest */,
				594905C7218FDF31001E860C /* ToeicIpadUITests.xctest */,
			);
			name = Products;
			sourceTree = "<group>";
		};
		594905AA218FDF2F001E860C /* ToeicIpad */ = {
			isa = PBXGroup;
			children = (
				594905DC218FE010001E860C /* Classes */,
				594905AF218FDF2F001E860C /* Main.storyboard */,
				594905B2218FDF31001E860C /* Assets.xcassets */,
				594905B4218FDF31001E860C /* LaunchScreen.storyboard */,
				594905B7218FDF31001E860C /* Info.plist */,
			);
			path = ToeicIpad;
			sourceTree = "<group>";
		};
		594905BF218FDF31001E860C /* ToeicIpadTests */ = {
			isa = PBXGroup;
			children = (
				594905C0218FDF31001E860C /* ToeicIpadTests.swift */,
				594905C2218FDF31001E860C /* Info.plist */,
			);
			path = ToeicIpadTests;
			sourceTree = "<group>";
		};
		594905CA218FDF31001E860C /* ToeicIpadUITests */ = {
			isa = PBXGroup;
			children = (
				594905CB218FDF31001E860C /* ToeicIpadUITests.swift */,
				594905CD218FDF31001E860C /* Info.plist */,
			);
			path = ToeicIpadUITests;
			sourceTree = "<group>";
		};
		594905DC218FE010001E860C /* Classes */ = {
			isa = PBXGroup;
			children = (
				5992F6A02195676E00ED9298 /* Helpers */,
				594905E2218FE088001E860C /* Managers */,
				594905E1218FE07E001E860C /* Common */,
				594905E0218FE075001E860C /* ViewControllers */,
			);
			path = Classes;
			sourceTree = "<group>";
		};
		594905E0218FE075001E860C /* ViewControllers */ = {
			isa = PBXGroup;
			children = (
				594905ED218FE398001E860C /* Base */,
				59A1843521CB2D0E00E754B2 /* CustomView */,
				5995858121B7BC6D008E7AF0 /* ListTest */,
				5995858021B7B7A7008E7AF0 /* Part1 */,
				59725F4B21B9052C0013A170 /* Part2 */,
				59725F4C21B905330013A170 /* Part3 */,
				595D336C21BDFCBB00559A3E /* Part4 */,
				596060C521BA0283004D64B0 /* Setting */,
				596060C621BA02BA004D64B0 /* ThongKe */,
				594905E8218FE186001E860C /* Home */,
			);
			path = ViewControllers;
			sourceTree = "<group>";
		};
		594905E1218FE07E001E860C /* Common */ = {
			isa = PBXGroup;
			children = (
				594905AB218FDF2F001E860C /* AppDelegate.swift */,
				594905E6218FE158001E860C /* Global.swift */,
			);
			path = Common;
			sourceTree = "<group>";
		};
		594905E2218FE088001E860C /* Managers */ = {
			isa = PBXGroup;
			children = (
				59D298E021C4EA6500433F03 /* Database */,
				594905F0218FE3F6001E860C /* ApiClient */,
			);
			path = Managers;
			sourceTree = "<group>";
		};
		594905E8218FE186001E860C /* Home */ = {
			isa = PBXGroup;
			children = (
				594905E9218FE1B2001E860C /* HomeViewController.swift */,
				594905EA218FE1B2001E860C /* HomeViewController.xib */,
			);
			path = Home;
			sourceTree = "<group>";
		};
		594905ED218FE398001E860C /* Base */ = {
			isa = PBXGroup;
			children = (
				594905EE218FE3AB001E860C /* BaseViewController.swift */,
			);
			path = Base;
			sourceTree = "<group>";
		};
		594905F0218FE3F6001E860C /* ApiClient */ = {
			isa = PBXGroup;
			children = (
				59C7A42B2192D438007251DB /* ApiClient.swift */,
				598085102193E157004E731C /* DownloadClient.swift */,
			);
			path = ApiClient;
			sourceTree = "<group>";
		};
		595D336C21BDFCBB00559A3E /* Part4 */ = {
			isa = PBXGroup;
			children = (
				595D336D21BDFCD400559A3E /* Part4ViewController.swift */,
				595D336E21BDFCD400559A3E /* Part4ViewController.xib */,
			);
			path = Part4;
			sourceTree = "<group>";
		};
		595D337221BE04E400559A3E /* TestCell */ = {
			isa = PBXGroup;
			children = (
				595D337321BE053200559A3E /* TestCell.swift */,
				595D337421BE053200559A3E /* TestCell.xib */,
			);
			path = TestCell;
			sourceTree = "<group>";
		};
		596060C521BA0283004D64B0 /* Setting */ = {
			isa = PBXGroup;
			children = (
				595D336421BDF96500559A3E /* SettingViewController.swift */,
				595D336521BDF96500559A3E /* SettingViewController.xib */,
			);
			path = Setting;
			sourceTree = "<group>";
		};
		596060C621BA02BA004D64B0 /* ThongKe */ = {
			isa = PBXGroup;
			children = (
				595D336821BDF97700559A3E /* ThongKeViewController.swift */,
				595D336921BDF97700559A3E /* ThongKeViewController.xib */,
			);
			path = ThongKe;
			sourceTree = "<group>";
		};
		596060C721BA0560004D64B0 /* DescriptionCell */ = {
			isa = PBXGroup;
			children = (
				596060C821BA0586004D64B0 /* DescriptionCell.swift */,
				596060C921BA0586004D64B0 /* DescriptionCell.xib */,
			);
			path = DescriptionCell;
			sourceTree = "<group>";
		};
		5962517F21B8BBF500D3C96D /* QuestionCell */ = {
			isa = PBXGroup;
			children = (
				5962518021B8BC0D00D3C96D /* QuestionCell.swift */,
				5962518121B8BC0D00D3C96D /* QuestionCell.xib */,
			);
			path = QuestionCell;
			sourceTree = "<group>";
		};
		59725F4621B900380013A170 /* SubmitCell */ = {
			isa = PBXGroup;
			children = (
				59725F4721B9004F0013A170 /* SubmitCell.swift */,
				59725F4821B9004F0013A170 /* SubmitCell.xib */,
			);
			path = SubmitCell;
			sourceTree = "<group>";
		};
		59725F4B21B9052C0013A170 /* Part2 */ = {
			isa = PBXGroup;
			children = (
				59725F4D21B905900013A170 /* Part2ViewController.swift */,
				59725F4E21B905900013A170 /* Part2ViewController.xib */,
			);
			path = Part2;
			sourceTree = "<group>";
		};
		59725F4C21B905330013A170 /* Part3 */ = {
			isa = PBXGroup;
			children = (
				59725F5121B905AE0013A170 /* Part3ViewController.swift */,
				59725F5221B905AE0013A170 /* Part3ViewController.xib */,
			);
			path = Part3;
			sourceTree = "<group>";
		};
		5992F69B2195265800ED9298 /* Download */ = {
			isa = PBXGroup;
			children = (
				5992F69C2195269200ED9298 /* ProgressDownloadViewController.swift */,
				5992F69D2195269200ED9298 /* ProgressDownloadViewController.xib */,
			);
			path = Download;
			sourceTree = "<group>";
		};
		5992F6A02195676E00ED9298 /* Helpers */ = {
			isa = PBXGroup;
			children = (
				5992F6A22195678600ED9298 /* Util */,
				5992F6A12195677C00ED9298 /* File */,
			);
			path = Helpers;
			sourceTree = "<group>";
		};
		5992F6A12195677C00ED9298 /* File */ = {
			isa = PBXGroup;
			children = (
				5992F6A3219567A200ED9298 /* FileUtil.swift */,
			);
			path = File;
			sourceTree = "<group>";
		};
		5992F6A22195678600ED9298 /* Util */ = {
			isa = PBXGroup;
			children = (
				594905E4218FE0B5001E860C /* Util.swift */,
				59A1843321CB2D0E00E754B2 /* AVUtil.swift */,
			);
			path = Util;
			sourceTree = "<group>";
		};
		5995858021B7B7A7008E7AF0 /* Part1 */ = {
			isa = PBXGroup;
			children = (
				5995858721B7BCE6008E7AF0 /* Part1ViewController.swift */,
				5995858821B7BCE6008E7AF0 /* Part1ViewController.xib */,
			);
			path = Part1;
			sourceTree = "<group>";
		};
		5995858121B7BC6D008E7AF0 /* ListTest */ = {
			isa = PBXGroup;
			children = (
				5995858221B7BC86008E7AF0 /* ListTestViewController.swift */,
				5995858321B7BC86008E7AF0 /* ListTestViewController.xib */,
			);
			path = ListTest;
			sourceTree = "<group>";
		};
		5995858B21B7C5DB008E7AF0 /* Audio */ = {
			isa = PBXGroup;
			children = (
				59A1843621CB2D0E00E754B2 /* AudioView.swift */,
				593C8A2921B4C81300F87D9B /* AudioView.xib */,
			);
			path = Audio;
			sourceTree = "<group>";
		};
		5995858C21B7C915008E7AF0 /* ImageCell */ = {
			isa = PBXGroup;
			children = (
				59725F4221B8DBBA0013A170 /* ImageCell.swift */,
				59725F4321B8DBBA0013A170 /* ImageCell.xib */,
			);
			path = ImageCell;
			sourceTree = "<group>";
		};
		59A1843521CB2D0E00E754B2 /* CustomView */ = {
			isa = PBXGroup;
			children = (
				595D337221BE04E400559A3E /* TestCell */,
				596060C721BA0560004D64B0 /* DescriptionCell */,
				59725F4621B900380013A170 /* SubmitCell */,
				5962517F21B8BBF500D3C96D /* QuestionCell */,
				5995858C21B7C915008E7AF0 /* ImageCell */,
				5995858B21B7C5DB008E7AF0 /* Audio */,
				5992F69B2195265800ED9298 /* Download */,
			);
			path = CustomView;
			sourceTree = "<group>";
		};
		59D298E021C4EA6500433F03 /* Database */ = {
			isa = PBXGroup;
			children = (
				59D298E321C4EA6500433F03 /* DatabaseManager.swift */,
				59D298E121C4EA6500433F03 /* BookManager.swift */,
				59D298E421C4EA6500433F03 /* TestManager.swift */,
				59D298E221C4EA6500433F03 /* QuestionPart1Manager.swift */,
				596060CD21BA1DE0004D64B0 /* QuestionPart2Manager.swift */,
				596060CF21BA1E0C004D64B0 /* QuestionPart3Manager.swift */,
				596060D121BA1E1A004D64B0 /* QuestionPart4Manager.swift */,
			);
			path = Database;
			sourceTree = "<group>";
		};
		A7D376BAC667C5E170AFC42E /* Pods */ = {
			isa = PBXGroup;
			children = (
				8D8126E760600E9704A1AA87 /* Pods-ToeicIpad.debug.xcconfig */,
				BF9E21CD3907278DCA4DC120 /* Pods-ToeicIpad.release.xcconfig */,
				7063D447A3D99B587CA15D51 /* Pods-ToeicIpadTests.debug.xcconfig */,
				B8572038EF10CBF84D889FEB /* Pods-ToeicIpadTests.release.xcconfig */,
				1FA76661B10E96DF42A56A8D /* Pods-ToeicIpadUITests.debug.xcconfig */,
				FB06AFB53992B2CB57186C76 /* Pods-ToeicIpadUITests.release.xcconfig */,
			);
			name = Pods;
			sourceTree = "<group>";
		};
/* End PBXGroup section */

/* Begin PBXNativeTarget section */
		594905A7218FDF2F001E860C /* ToeicIpad */ = {
			isa = PBXNativeTarget;
			buildConfigurationList = 594905D0218FDF31001E860C /* Build configuration list for PBXNativeTarget "ToeicIpad" */;
			buildPhases = (
				DEB1D1EC6E7CE8B901E25552 /* [CP] Check Pods Manifest.lock */,
				594905A4218FDF2F001E860C /* Sources */,
				594905A5218FDF2F001E860C /* Frameworks */,
				594905A6218FDF2F001E860C /* Resources */,
				313A6481F57D26F6E2447B4E /* [CP] Embed Pods Frameworks */,
			);
			buildRules = (
			);
			dependencies = (
			);
			name = ToeicIpad;
			productName = ToeicIpad;
			productReference = 594905A8218FDF2F001E860C /* ToeicIpad.app */;
			productType = "com.apple.product-type.application";
		};
		594905BB218FDF31001E860C /* ToeicIpadTests */ = {
			isa = PBXNativeTarget;
			buildConfigurationList = 594905D3218FDF31001E860C /* Build configuration list for PBXNativeTarget "ToeicIpadTests" */;
			buildPhases = (
				1058E9B030E70C2DE7742C48 /* [CP] Check Pods Manifest.lock */,
				594905B8218FDF31001E860C /* Sources */,
				594905B9218FDF31001E860C /* Frameworks */,
				594905BA218FDF31001E860C /* Resources */,
			);
			buildRules = (
			);
			dependencies = (
				594905BE218FDF31001E860C /* PBXTargetDependency */,
			);
			name = ToeicIpadTests;
			productName = ToeicIpadTests;
			productReference = 594905BC218FDF31001E860C /* ToeicIpadTests.xctest */;
			productType = "com.apple.product-type.bundle.unit-test";
		};
		594905C6218FDF31001E860C /* ToeicIpadUITests */ = {
			isa = PBXNativeTarget;
			buildConfigurationList = 594905D6218FDF31001E860C /* Build configuration list for PBXNativeTarget "ToeicIpadUITests" */;
			buildPhases = (
				4CB89A51666861B44A1364AF /* [CP] Check Pods Manifest.lock */,
				594905C3218FDF31001E860C /* Sources */,
				594905C4218FDF31001E860C /* Frameworks */,
				594905C5218FDF31001E860C /* Resources */,
			);
			buildRules = (
			);
			dependencies = (
				594905C9218FDF31001E860C /* PBXTargetDependency */,
			);
			name = ToeicIpadUITests;
			productName = ToeicIpadUITests;
			productReference = 594905C7218FDF31001E860C /* ToeicIpadUITests.xctest */;
			productType = "com.apple.product-type.bundle.ui-testing";
		};
/* End PBXNativeTarget section */

/* Begin PBXProject section */
		594905A0218FDF2F001E860C /* Project object */ = {
			isa = PBXProject;
			attributes = {
				LastSwiftUpdateCheck = 0940;
				LastUpgradeCheck = 0940;
				ORGANIZATIONNAME = DungLM3;
				TargetAttributes = {
					594905A7218FDF2F001E860C = {
						CreatedOnToolsVersion = 9.4.1;
						SystemCapabilities = {
							com.apple.BackgroundModes = {
								enabled = 1;
							};
						};
					};
					594905BB218FDF31001E860C = {
						CreatedOnToolsVersion = 9.4.1;
						LastSwiftMigration = 1010;
						TestTargetID = 594905A7218FDF2F001E860C;
					};
					594905C6218FDF31001E860C = {
						CreatedOnToolsVersion = 9.4.1;
						LastSwiftMigration = 1010;
						TestTargetID = 594905A7218FDF2F001E860C;
					};
				};
			};
			buildConfigurationList = 594905A3218FDF2F001E860C /* Build configuration list for PBXProject "ToeicIpad" */;
			compatibilityVersion = "Xcode 9.3";
			developmentRegion = en;
			hasScannedForEncodings = 0;
			knownRegions = (
				en,
				Base,
			);
			mainGroup = 5949059F218FDF2F001E860C;
			productRefGroup = 594905A9218FDF2F001E860C /* Products */;
			projectDirPath = "";
			projectRoot = "";
			targets = (
				594905A7218FDF2F001E860C /* ToeicIpad */,
				594905BB218FDF31001E860C /* ToeicIpadTests */,
				594905C6218FDF31001E860C /* ToeicIpadUITests */,
			);
		};
/* End PBXProject section */

/* Begin PBXResourcesBuildPhase section */
		594905A6218FDF2F001E860C /* Resources */ = {
			isa = PBXResourcesBuildPhase;
			buildActionMask = 2147483647;
			files = (
				59725F5421B905AE0013A170 /* Part3ViewController.xib in Resources */,
				595D336B21BDF97700559A3E /* ThongKeViewController.xib in Resources */,
				596060CB21BA0586004D64B0 /* DescriptionCell.xib in Resources */,
				594905B6218FDF31001E860C /* LaunchScreen.storyboard in Resources */,
				593C8A2A21B4C81300F87D9B /* AudioView.xib in Resources */,
				595D337621BE053200559A3E /* TestCell.xib in Resources */,
				594905B3218FDF31001E860C /* Assets.xcassets in Resources */,
				59725F5021B905900013A170 /* Part2ViewController.xib in Resources */,
				59725F4A21B9004F0013A170 /* SubmitCell.xib in Resources */,
				595D336721BDF96600559A3E /* SettingViewController.xib in Resources */,
				594905B1218FDF2F001E860C /* Main.storyboard in Resources */,
				594905EC218FE1B2001E860C /* HomeViewController.xib in Resources */,
				5995858A21B7BCE6008E7AF0 /* Part1ViewController.xib in Resources */,
				59725F4521B8DBBA0013A170 /* ImageCell.xib in Resources */,
				5992F69F2195269200ED9298 /* ProgressDownloadViewController.xib in Resources */,
				5962518321B8BC0D00D3C96D /* QuestionCell.xib in Resources */,
				5995858521B7BC86008E7AF0 /* ListTestViewController.xib in Resources */,
				595D337021BDFCD400559A3E /* Part4ViewController.xib in Resources */,
			);
			runOnlyForDeploymentPostprocessing = 0;
		};
		594905BA218FDF31001E860C /* Resources */ = {
			isa = PBXResourcesBuildPhase;
			buildActionMask = 2147483647;
			files = (
			);
			runOnlyForDeploymentPostprocessing = 0;
		};
		594905C5218FDF31001E860C /* Resources */ = {
			isa = PBXResourcesBuildPhase;
			buildActionMask = 2147483647;
			files = (
			);
			runOnlyForDeploymentPostprocessing = 0;
		};
/* End PBXResourcesBuildPhase section */

/* Begin PBXShellScriptBuildPhase section */
		1058E9B030E70C2DE7742C48 /* [CP] Check Pods Manifest.lock */ = {
			isa = PBXShellScriptBuildPhase;
			buildActionMask = 2147483647;
			files = (
			);
			inputPaths = (
				"${PODS_PODFILE_DIR_PATH}/Podfile.lock",
				"${PODS_ROOT}/Manifest.lock",
			);
			name = "[CP] Check Pods Manifest.lock";
			outputPaths = (
				"$(DERIVED_FILE_DIR)/Pods-ToeicIpadTests-checkManifestLockResult.txt",
			);
			runOnlyForDeploymentPostprocessing = 0;
			shellPath = /bin/sh;
			shellScript = "diff \"${PODS_PODFILE_DIR_PATH}/Podfile.lock\" \"${PODS_ROOT}/Manifest.lock\" > /dev/null\nif [ $? != 0 ] ; then\n    # print error to STDERR\n    echo \"error: The sandbox is not in sync with the Podfile.lock. Run 'pod install' or update your CocoaPods installation.\" >&2\n    exit 1\nfi\n# This output is used by Xcode 'outputs' to avoid re-running this script phase.\necho \"SUCCESS\" > \"${SCRIPT_OUTPUT_FILE_0}\"\n";
			showEnvVarsInLog = 0;
		};
		313A6481F57D26F6E2447B4E /* [CP] Embed Pods Frameworks */ = {
			isa = PBXShellScriptBuildPhase;
			buildActionMask = 2147483647;
			files = (
			);
			inputPaths = (
				"${SRCROOT}/Pods/Target Support Files/Pods-ToeicIpad/Pods-ToeicIpad-frameworks.sh",
				"${BUILT_PRODUCTS_DIR}/Alamofire/Alamofire.framework",
				"${BUILT_PRODUCTS_DIR}/DLRadioButton/DLRadioButton.framework",
				"${BUILT_PRODUCTS_DIR}/KRActivityIndicatorView/KRActivityIndicatorView.framework",
				"${BUILT_PRODUCTS_DIR}/KRProgressHUD/KRProgressHUD.framework",
				"${BUILT_PRODUCTS_DIR}/OAuthSwift/OAuthSwift.framework",
				"${BUILT_PRODUCTS_DIR}/Realm/Realm.framework",
				"${BUILT_PRODUCTS_DIR}/RealmSwift/RealmSwift.framework",
			);
			name = "[CP] Embed Pods Frameworks";
			outputPaths = (
				"${TARGET_BUILD_DIR}/${FRAMEWORKS_FOLDER_PATH}/Alamofire.framework",
				"${TARGET_BUILD_DIR}/${FRAMEWORKS_FOLDER_PATH}/DLRadioButton.framework",
				"${TARGET_BUILD_DIR}/${FRAMEWORKS_FOLDER_PATH}/KRActivityIndicatorView.framework",
				"${TARGET_BUILD_DIR}/${FRAMEWORKS_FOLDER_PATH}/KRProgressHUD.framework",
				"${TARGET_BUILD_DIR}/${FRAMEWORKS_FOLDER_PATH}/OAuthSwift.framework",
				"${TARGET_BUILD_DIR}/${FRAMEWORKS_FOLDER_PATH}/Realm.framework",
				"${TARGET_BUILD_DIR}/${FRAMEWORKS_FOLDER_PATH}/RealmSwift.framework",
			);
			runOnlyForDeploymentPostprocessing = 0;
			shellPath = /bin/sh;
			shellScript = "\"${SRCROOT}/Pods/Target Support Files/Pods-ToeicIpad/Pods-ToeicIpad-frameworks.sh\"\n";
			showEnvVarsInLog = 0;
		};
		4CB89A51666861B44A1364AF /* [CP] Check Pods Manifest.lock */ = {
			isa = PBXShellScriptBuildPhase;
			buildActionMask = 2147483647;
			files = (
			);
			inputPaths = (
				"${PODS_PODFILE_DIR_PATH}/Podfile.lock",
				"${PODS_ROOT}/Manifest.lock",
			);
			name = "[CP] Check Pods Manifest.lock";
			outputPaths = (
				"$(DERIVED_FILE_DIR)/Pods-ToeicIpadUITests-checkManifestLockResult.txt",
			);
			runOnlyForDeploymentPostprocessing = 0;
			shellPath = /bin/sh;
			shellScript = "diff \"${PODS_PODFILE_DIR_PATH}/Podfile.lock\" \"${PODS_ROOT}/Manifest.lock\" > /dev/null\nif [ $? != 0 ] ; then\n    # print error to STDERR\n    echo \"error: The sandbox is not in sync with the Podfile.lock. Run 'pod install' or update your CocoaPods installation.\" >&2\n    exit 1\nfi\n# This output is used by Xcode 'outputs' to avoid re-running this script phase.\necho \"SUCCESS\" > \"${SCRIPT_OUTPUT_FILE_0}\"\n";
			showEnvVarsInLog = 0;
		};
		DEB1D1EC6E7CE8B901E25552 /* [CP] Check Pods Manifest.lock */ = {
			isa = PBXShellScriptBuildPhase;
			buildActionMask = 2147483647;
			files = (
			);
			inputPaths = (
				"${PODS_PODFILE_DIR_PATH}/Podfile.lock",
				"${PODS_ROOT}/Manifest.lock",
			);
			name = "[CP] Check Pods Manifest.lock";
			outputPaths = (
				"$(DERIVED_FILE_DIR)/Pods-ToeicIpad-checkManifestLockResult.txt",
			);
			runOnlyForDeploymentPostprocessing = 0;
			shellPath = /bin/sh;
			shellScript = "diff \"${PODS_PODFILE_DIR_PATH}/Podfile.lock\" \"${PODS_ROOT}/Manifest.lock\" > /dev/null\nif [ $? != 0 ] ; then\n    # print error to STDERR\n    echo \"error: The sandbox is not in sync with the Podfile.lock. Run 'pod install' or update your CocoaPods installation.\" >&2\n    exit 1\nfi\n# This output is used by Xcode 'outputs' to avoid re-running this script phase.\necho \"SUCCESS\" > \"${SCRIPT_OUTPUT_FILE_0}\"\n";
			showEnvVarsInLog = 0;
		};
/* End PBXShellScriptBuildPhase section */

/* Begin PBXSourcesBuildPhase section */
		594905A4218FDF2F001E860C /* Sources */ = {
			isa = PBXSourcesBuildPhase;
			buildActionMask = 2147483647;
			files = (
				5995858921B7BCE6008E7AF0 /* Part1ViewController.swift in Sources */,
				59D298E621C4EA6500433F03 /* QuestionPart1Manager.swift in Sources */,
				596060D021BA1E0C004D64B0 /* QuestionPart3Manager.swift in Sources */,
				59A1843721CB2D0E00E754B2 /* AudioView.swift in Sources */,
				5995858421B7BC86008E7AF0 /* ListTestViewController.swift in Sources */,
				594905EF218FE3AB001E860C /* BaseViewController.swift in Sources */,
				594905EB218FE1B2001E860C /* HomeViewController.swift in Sources */,
				595D337521BE053200559A3E /* TestCell.swift in Sources */,
				594905E7218FE158001E860C /* Global.swift in Sources */,
				59725F5321B905AE0013A170 /* Part3ViewController.swift in Sources */,
				59725F4921B9004F0013A170 /* SubmitCell.swift in Sources */,
				5992F69E2195269200ED9298 /* ProgressDownloadViewController.swift in Sources */,
				595D336A21BDF97700559A3E /* ThongKeViewController.swift in Sources */,
				594905E5218FE0B5001E860C /* Util.swift in Sources */,
				59725F4421B8DBBA0013A170 /* ImageCell.swift in Sources */,
				59A1843421CB2D0E00E754B2 /* AVUtil.swift in Sources */,
				59725F4F21B905900013A170 /* Part2ViewController.swift in Sources */,
				596060D221BA1E1A004D64B0 /* QuestionPart4Manager.swift in Sources */,
				595D336F21BDFCD400559A3E /* Part4ViewController.swift in Sources */,
				5962518221B8BC0D00D3C96D /* QuestionCell.swift in Sources */,
				594905AC218FDF2F001E860C /* AppDelegate.swift in Sources */,
				595D336621BDF96600559A3E /* SettingViewController.swift in Sources */,
				5992F6A4219567A200ED9298 /* FileUtil.swift in Sources */,
				59D298E721C4EA6500433F03 /* DatabaseManager.swift in Sources */,
				596060CE21BA1DE0004D64B0 /* QuestionPart2Manager.swift in Sources */,
				598085112193E157004E731C /* DownloadClient.swift in Sources */,
				596060CA21BA0586004D64B0 /* DescriptionCell.swift in Sources */,
				59D298E821C4EA6500433F03 /* TestManager.swift in Sources */,
				59D298E521C4EA6500433F03 /* BookManager.swift in Sources */,
				59C7A42C2192D438007251DB /* ApiClient.swift in Sources */,
			);
			runOnlyForDeploymentPostprocessing = 0;
		};
		594905B8218FDF31001E860C /* Sources */ = {
			isa = PBXSourcesBuildPhase;
			buildActionMask = 2147483647;
			files = (
				594905C1218FDF31001E860C /* ToeicIpadTests.swift in Sources */,
				595D337121BDFD9400559A3E /* QuestionCell.swift in Sources */,
			);
			runOnlyForDeploymentPostprocessing = 0;
		};
		594905C3218FDF31001E860C /* Sources */ = {
			isa = PBXSourcesBuildPhase;
			buildActionMask = 2147483647;
			files = (
				594905CC218FDF31001E860C /* ToeicIpadUITests.swift in Sources */,
				596060CC21BA1182004D64B0 /* QuestionCell.swift in Sources */,
			);
			runOnlyForDeploymentPostprocessing = 0;
		};
/* End PBXSourcesBuildPhase section */

/* Begin PBXTargetDependency section */
		594905BE218FDF31001E860C /* PBXTargetDependency */ = {
			isa = PBXTargetDependency;
			target = 594905A7218FDF2F001E860C /* ToeicIpad */;
			targetProxy = 594905BD218FDF31001E860C /* PBXContainerItemProxy */;
		};
		594905C9218FDF31001E860C /* PBXTargetDependency */ = {
			isa = PBXTargetDependency;
			target = 594905A7218FDF2F001E860C /* ToeicIpad */;
			targetProxy = 594905C8218FDF31001E860C /* PBXContainerItemProxy */;
		};
/* End PBXTargetDependency section */

/* Begin PBXVariantGroup section */
		594905AF218FDF2F001E860C /* Main.storyboard */ = {
			isa = PBXVariantGroup;
			children = (
				594905B0218FDF2F001E860C /* Base */,
			);
			name = Main.storyboard;
			sourceTree = "<group>";
		};
		594905B4218FDF31001E860C /* LaunchScreen.storyboard */ = {
			isa = PBXVariantGroup;
			children = (
				594905B5218FDF31001E860C /* Base */,
			);
			name = LaunchScreen.storyboard;
			sourceTree = "<group>";
		};
/* End PBXVariantGroup section */

/* Begin XCBuildConfiguration section */
		594905CE218FDF31001E860C /* Debug */ = {
			isa = XCBuildConfiguration;
			buildSettings = {
				ALWAYS_SEARCH_USER_PATHS = NO;
				CLANG_ANALYZER_NONNULL = YES;
				CLANG_ANALYZER_NUMBER_OBJECT_CONVERSION = YES_AGGRESSIVE;
				CLANG_CXX_LANGUAGE_STANDARD = "gnu++14";
				CLANG_CXX_LIBRARY = "libc++";
				CLANG_ENABLE_MODULES = YES;
				CLANG_ENABLE_OBJC_ARC = YES;
				CLANG_ENABLE_OBJC_WEAK = YES;
				CLANG_WARN_BLOCK_CAPTURE_AUTORELEASING = YES;
				CLANG_WARN_BOOL_CONVERSION = YES;
				CLANG_WARN_COMMA = YES;
				CLANG_WARN_CONSTANT_CONVERSION = YES;
				CLANG_WARN_DEPRECATED_OBJC_IMPLEMENTATIONS = YES;
				CLANG_WARN_DIRECT_OBJC_ISA_USAGE = YES_ERROR;
				CLANG_WARN_DOCUMENTATION_COMMENTS = YES;
				CLANG_WARN_EMPTY_BODY = YES;
				CLANG_WARN_ENUM_CONVERSION = YES;
				CLANG_WARN_INFINITE_RECURSION = YES;
				CLANG_WARN_INT_CONVERSION = YES;
				CLANG_WARN_NON_LITERAL_NULL_CONVERSION = YES;
				CLANG_WARN_OBJC_IMPLICIT_RETAIN_SELF = YES;
				CLANG_WARN_OBJC_LITERAL_CONVERSION = YES;
				CLANG_WARN_OBJC_ROOT_CLASS = YES_ERROR;
				CLANG_WARN_RANGE_LOOP_ANALYSIS = YES;
				CLANG_WARN_STRICT_PROTOTYPES = YES;
				CLANG_WARN_SUSPICIOUS_MOVE = YES;
				CLANG_WARN_UNGUARDED_AVAILABILITY = YES_AGGRESSIVE;
				CLANG_WARN_UNREACHABLE_CODE = YES;
				CLANG_WARN__DUPLICATE_METHOD_MATCH = YES;
				CODE_SIGN_IDENTITY = "iPhone Developer";
				COPY_PHASE_STRIP = NO;
				DEBUG_INFORMATION_FORMAT = dwarf;
				ENABLE_STRICT_OBJC_MSGSEND = YES;
				ENABLE_TESTABILITY = YES;
				GCC_C_LANGUAGE_STANDARD = gnu11;
				GCC_DYNAMIC_NO_PIC = NO;
				GCC_NO_COMMON_BLOCKS = YES;
				GCC_OPTIMIZATION_LEVEL = 0;
				GCC_PREPROCESSOR_DEFINITIONS = (
					"DEBUG=1",
					"$(inherited)",
				);
				GCC_WARN_64_TO_32_BIT_CONVERSION = YES;
				GCC_WARN_ABOUT_RETURN_TYPE = YES_ERROR;
				GCC_WARN_UNDECLARED_SELECTOR = YES;
				GCC_WARN_UNINITIALIZED_AUTOS = YES_AGGRESSIVE;
				GCC_WARN_UNUSED_FUNCTION = YES;
				GCC_WARN_UNUSED_VARIABLE = YES;
				IPHONEOS_DEPLOYMENT_TARGET = 11.4;
				MTL_ENABLE_DEBUG_INFO = YES;
				ONLY_ACTIVE_ARCH = YES;
				SDKROOT = iphoneos;
				SWIFT_ACTIVE_COMPILATION_CONDITIONS = DEBUG;
				SWIFT_OPTIMIZATION_LEVEL = "-Onone";
			};
			name = Debug;
		};
		594905CF218FDF31001E860C /* Release */ = {
			isa = XCBuildConfiguration;
			buildSettings = {
				ALWAYS_SEARCH_USER_PATHS = NO;
				CLANG_ANALYZER_NONNULL = YES;
				CLANG_ANALYZER_NUMBER_OBJECT_CONVERSION = YES_AGGRESSIVE;
				CLANG_CXX_LANGUAGE_STANDARD = "gnu++14";
				CLANG_CXX_LIBRARY = "libc++";
				CLANG_ENABLE_MODULES = YES;
				CLANG_ENABLE_OBJC_ARC = YES;
				CLANG_ENABLE_OBJC_WEAK = YES;
				CLANG_WARN_BLOCK_CAPTURE_AUTORELEASING = YES;
				CLANG_WARN_BOOL_CONVERSION = YES;
				CLANG_WARN_COMMA = YES;
				CLANG_WARN_CONSTANT_CONVERSION = YES;
				CLANG_WARN_DEPRECATED_OBJC_IMPLEMENTATIONS = YES;
				CLANG_WARN_DIRECT_OBJC_ISA_USAGE = YES_ERROR;
				CLANG_WARN_DOCUMENTATION_COMMENTS = YES;
				CLANG_WARN_EMPTY_BODY = YES;
				CLANG_WARN_ENUM_CONVERSION = YES;
				CLANG_WARN_INFINITE_RECURSION = YES;
				CLANG_WARN_INT_CONVERSION = YES;
				CLANG_WARN_NON_LITERAL_NULL_CONVERSION = YES;
				CLANG_WARN_OBJC_IMPLICIT_RETAIN_SELF = YES;
				CLANG_WARN_OBJC_LITERAL_CONVERSION = YES;
				CLANG_WARN_OBJC_ROOT_CLASS = YES_ERROR;
				CLANG_WARN_RANGE_LOOP_ANALYSIS = YES;
				CLANG_WARN_STRICT_PROTOTYPES = YES;
				CLANG_WARN_SUSPICIOUS_MOVE = YES;
				CLANG_WARN_UNGUARDED_AVAILABILITY = YES_AGGRESSIVE;
				CLANG_WARN_UNREACHABLE_CODE = YES;
				CLANG_WARN__DUPLICATE_METHOD_MATCH = YES;
				CODE_SIGN_IDENTITY = "iPhone Developer";
				COPY_PHASE_STRIP = NO;
				DEBUG_INFORMATION_FORMAT = "dwarf-with-dsym";
				ENABLE_NS_ASSERTIONS = NO;
				ENABLE_STRICT_OBJC_MSGSEND = YES;
				GCC_C_LANGUAGE_STANDARD = gnu11;
				GCC_NO_COMMON_BLOCKS = YES;
				GCC_WARN_64_TO_32_BIT_CONVERSION = YES;
				GCC_WARN_ABOUT_RETURN_TYPE = YES_ERROR;
				GCC_WARN_UNDECLARED_SELECTOR = YES;
				GCC_WARN_UNINITIALIZED_AUTOS = YES_AGGRESSIVE;
				GCC_WARN_UNUSED_FUNCTION = YES;
				GCC_WARN_UNUSED_VARIABLE = YES;
				IPHONEOS_DEPLOYMENT_TARGET = 11.4;
				MTL_ENABLE_DEBUG_INFO = NO;
				SDKROOT = iphoneos;
				SWIFT_COMPILATION_MODE = wholemodule;
				SWIFT_OPTIMIZATION_LEVEL = "-O";
				VALIDATE_PRODUCT = YES;
			};
			name = Release;
		};
		594905D1218FDF31001E860C /* Debug */ = {
			isa = XCBuildConfiguration;
			baseConfigurationReference = 8D8126E760600E9704A1AA87 /* Pods-ToeicIpad.debug.xcconfig */;
			buildSettings = {
				ASSETCATALOG_COMPILER_APPICON_NAME = AppIcon;
				CODE_SIGN_IDENTITY = "iPhone Distribution";
				CODE_SIGN_STYLE = Manual;
				DEVELOPMENT_TEAM = 3267Z52VP5;
				INFOPLIST_FILE = ToeicIpad/Info.plist;
				IPHONEOS_DEPLOYMENT_TARGET = 10.0;
				LD_RUNPATH_SEARCH_PATHS = (
					"$(inherited)",
					"@executable_path/Frameworks",
				);
				PRODUCT_BUNDLE_IDENTIFIER = com.viettel.VOfficeiPad3KHN;
				PRODUCT_NAME = "$(TARGET_NAME)";
				PROVISIONING_PROFILE_SPECIFIER = VofficeIpadKHN;
				SWIFT_VERSION = 4.2;
				TARGETED_DEVICE_FAMILY = "1,2";
			};
			name = Debug;
		};
		594905D2218FDF31001E860C /* Release */ = {
			isa = XCBuildConfiguration;
			baseConfigurationReference = BF9E21CD3907278DCA4DC120 /* Pods-ToeicIpad.release.xcconfig */;
			buildSettings = {
				ASSETCATALOG_COMPILER_APPICON_NAME = AppIcon;
				CODE_SIGN_IDENTITY = "iPhone Distribution";
				CODE_SIGN_STYLE = Manual;
				DEVELOPMENT_TEAM = 3267Z52VP5;
				INFOPLIST_FILE = ToeicIpad/Info.plist;
				IPHONEOS_DEPLOYMENT_TARGET = 10.0;
				LD_RUNPATH_SEARCH_PATHS = (
					"$(inherited)",
					"@executable_path/Frameworks",
				);
				PRODUCT_BUNDLE_IDENTIFIER = com.viettel.VOfficeiPad3KHN;
				PRODUCT_NAME = "$(TARGET_NAME)";
				PROVISIONING_PROFILE_SPECIFIER = VofficeIpadKHN;
				SWIFT_VERSION = 4.2;
				TARGETED_DEVICE_FAMILY = "1,2";
			};
			name = Release;
		};
		594905D4218FDF31001E860C /* Debug */ = {
			isa = XCBuildConfiguration;
			baseConfigurationReference = 7063D447A3D99B587CA15D51 /* Pods-ToeicIpadTests.debug.xcconfig */;
			buildSettings = {
				ALWAYS_EMBED_SWIFT_STANDARD_LIBRARIES = YES;
				BUNDLE_LOADER = "$(TEST_HOST)";
				CODE_SIGN_STYLE = Automatic;
				DEVELOPMENT_TEAM = 3267Z52VP5;
				INFOPLIST_FILE = ToeicIpadTests/Info.plist;
				LD_RUNPATH_SEARCH_PATHS = (
					"$(inherited)",
					"@executable_path/Frameworks",
					"@loader_path/Frameworks",
				);
				PRODUCT_BUNDLE_IDENTIFIER = com.khactaobk.ToeicIpadTests;
				PRODUCT_NAME = "$(TARGET_NAME)";
				SWIFT_VERSION = 4.2;
				TARGETED_DEVICE_FAMILY = "1,2";
				TEST_HOST = "$(BUILT_PRODUCTS_DIR)/ToeicIpad.app/ToeicIpad";
			};
			name = Debug;
		};
		594905D5218FDF31001E860C /* Release */ = {
			isa = XCBuildConfiguration;
			baseConfigurationReference = B8572038EF10CBF84D889FEB /* Pods-ToeicIpadTests.release.xcconfig */;
			buildSettings = {
				ALWAYS_EMBED_SWIFT_STANDARD_LIBRARIES = YES;
				BUNDLE_LOADER = "$(TEST_HOST)";
				CODE_SIGN_STYLE = Automatic;
				DEVELOPMENT_TEAM = 3267Z52VP5;
				INFOPLIST_FILE = ToeicIpadTests/Info.plist;
				LD_RUNPATH_SEARCH_PATHS = (
					"$(inherited)",
					"@executable_path/Frameworks",
					"@loader_path/Frameworks",
				);
				PRODUCT_BUNDLE_IDENTIFIER = com.khactaobk.ToeicIpadTests;
				PRODUCT_NAME = "$(TARGET_NAME)";
				SWIFT_VERSION = 4.2;
				TARGETED_DEVICE_FAMILY = "1,2";
				TEST_HOST = "$(BUILT_PRODUCTS_DIR)/ToeicIpad.app/ToeicIpad";
			};
			name = Release;
		};
		594905D7218FDF31001E860C /* Debug */ = {
			isa = XCBuildConfiguration;
			baseConfigurationReference = 1FA76661B10E96DF42A56A8D /* Pods-ToeicIpadUITests.debug.xcconfig */;
			buildSettings = {
				ALWAYS_EMBED_SWIFT_STANDARD_LIBRARIES = YES;
				CODE_SIGN_STYLE = Automatic;
				DEVELOPMENT_TEAM = 3267Z52VP5;
				INFOPLIST_FILE = ToeicIpadUITests/Info.plist;
				LD_RUNPATH_SEARCH_PATHS = (
					"$(inherited)",
					"@executable_path/Frameworks",
					"@loader_path/Frameworks",
				);
				PRODUCT_BUNDLE_IDENTIFIER = com.khactaobk.ToeicIpadUITests;
				PRODUCT_NAME = "$(TARGET_NAME)";
				SWIFT_VERSION = 4.2;
				TARGETED_DEVICE_FAMILY = "1,2";
				TEST_TARGET_NAME = ToeicIpad;
			};
			name = Debug;
		};
		594905D8218FDF31001E860C /* Release */ = {
			isa = XCBuildConfiguration;
			baseConfigurationReference = FB06AFB53992B2CB57186C76 /* Pods-ToeicIpadUITests.release.xcconfig */;
			buildSettings = {
				ALWAYS_EMBED_SWIFT_STANDARD_LIBRARIES = YES;
				CODE_SIGN_STYLE = Automatic;
				DEVELOPMENT_TEAM = 3267Z52VP5;
				INFOPLIST_FILE = ToeicIpadUITests/Info.plist;
				LD_RUNPATH_SEARCH_PATHS = (
					"$(inherited)",
					"@executable_path/Frameworks",
					"@loader_path/Frameworks",
				);
				PRODUCT_BUNDLE_IDENTIFIER = com.khactaobk.ToeicIpadUITests;
				PRODUCT_NAME = "$(TARGET_NAME)";
				SWIFT_VERSION = 4.2;
				TARGETED_DEVICE_FAMILY = "1,2";
				TEST_TARGET_NAME = ToeicIpad;
			};
			name = Release;
		};
/* End XCBuildConfiguration section */

/* Begin XCConfigurationList section */
		594905A3218FDF2F001E860C /* Build configuration list for PBXProject "ToeicIpad" */ = {
			isa = XCConfigurationList;
			buildConfigurations = (
				594905CE218FDF31001E860C /* Debug */,
				594905CF218FDF31001E860C /* Release */,
			);
			defaultConfigurationIsVisible = 0;
			defaultConfigurationName = Release;
		};
		594905D0218FDF31001E860C /* Build configuration list for PBXNativeTarget "ToeicIpad" */ = {
			isa = XCConfigurationList;
			buildConfigurations = (
				594905D1218FDF31001E860C /* Debug */,
				594905D2218FDF31001E860C /* Release */,
			);
			defaultConfigurationIsVisible = 0;
			defaultConfigurationName = Release;
		};
		594905D3218FDF31001E860C /* Build configuration list for PBXNativeTarget "ToeicIpadTests" */ = {
			isa = XCConfigurationList;
			buildConfigurations = (
				594905D4218FDF31001E860C /* Debug */,
				594905D5218FDF31001E860C /* Release */,
			);
			defaultConfigurationIsVisible = 0;
			defaultConfigurationName = Release;
		};
		594905D6218FDF31001E860C /* Build configuration list for PBXNativeTarget "ToeicIpadUITests" */ = {
			isa = XCConfigurationList;
			buildConfigurations = (
				594905D7218FDF31001E860C /* Debug */,
				594905D8218FDF31001E860C /* Release */,
			);
			defaultConfigurationIsVisible = 0;
			defaultConfigurationName = Release;
		};
/* End XCConfigurationList section */
	};
	rootObject = 594905A0218FDF2F001E860C /* Project object */;
}
